github.com/go-ole/go-ole v1.3.0 h1:Dt6ye7+vXGIKZ7Xtk4s6/xVdGDQynvom7xCFEdWr6uE=
github.com/go-ole/go-ole v1.3.0/go.mod h1:5LS6F96DhAwUc7C+1HLexzMXY1xGRSryjyPPKW6zv78=
github.com/google/cabbie v1.0.5 h1:j+JWBiMpzJCTkVLKrzsNBQLkRff55sjzXc0AQOTV2JU=
github.com/google/cabbie v1.0.5/go.mod h1:WytqVAbQee3vvDZQSROF6ZsPGrUsmpot9tKNtxnr/lk=
github.com/google/glazier v0.0.0-20250604032359-7bdde3becfe8 h1:tMYapvcVulxInhZTaig2e/NmbEROhTu3swEuG2g7uFc=
github.com/google/glazier v0.0.0-20250604032359-7bdde3becfe8/go.mod h1:g/uB9yDfCoH08pu7+Isrzaeh35vCvAY0SUFEJCJ1+5I=
github.com/nu7hatch/gouuid v0.0.0-20131221200532-179d4d0c4d8d h1:VhgPp6v9qf9Agr/56bj7Y/xa04UccTW04VP0Qed4vnQ=
github.com/nu7hatch/gouuid v0.0.0-20131221200532-179d4d0c4d8d/go.mod h1:YUTz3bUH2ZwIWBy3CJBeOBEugqcmXREj14T+iG/4k4U=
github.com/scjalliance/comshim v0.0.0-20250111221056-b2ef9d8d7e0f h1:v+bqkkvZj6Oasqi58jzJk03XO0vaXvdb6SS9U1Rbqpw=
github.com/scjalliance/comshim v0.0.0-20250111221056-b2ef9d8d7e0f/go.mod h1:Zt2M6t3i/fnWviIZkuw9wGn2E185P/rWZTqJkIrViGY=
golang.org/x/sys v0.1.0/go.mod h1:oPkhp1MJrh7nUepCBck5+mAzfO9JrbApNNgaTdGDITg=
golang.org/x/sys v0.33.0 h1:q3i8TbbEz+JRD9ywIRlyRAQbM0qF7hu24q3teo2hbuw=
golang.org/x/sys v0.33.0/go.mod h1:BJP2sWEmIv4KK5OTEluFJCKSidICx8ciO85XgH3Ak8k=
gopkg.in/toast.v1 v1.0.0-20180812000517-0a84660828b2 h1:MZF6J7CV6s/h0HBkfqebrYfKCVEo5iN+wzE4QhV3Evo=
gopkg.in/toast.v1 v1.0.0-20180812000517-0a84660828b2/go.mod h1:s1Sn2yZos05Qfs7NKt867Xe18emOmtsO3eAKbDaon0o=
